
Microsoft Visual Studio Solution File, Format Version 12.00
# Visual Studio 2013
VisualStudioVersion = 12.0.30110.0
MinimumVisualStudioVersion = 10.0.40219.1
Project("{FAE04EC0-301F-11D3-BF4B-00C04F79EFBC}") = "ServiceRegistry", "ServiceRegistry\ServiceRegistry.csproj", "{22C259CB-03C4-4E20-A02E-58AE264F9CC8}"
EndProject
Project("{FAE04EC0-301F-11D3-BF4B-00C04F79EFBC}") = "TestApp", "TestApp\TestApp.csproj", "{0451A092-F87C-4B96-A074-1EA4D50DF9DC}"
EndProject
Global
	GlobalSection(SolutionConfigurationPlatforms) = preSolution
		Debug|Any CPU = Debug|Any CPU
		Release|Any CPU = Release|Any CPU
	EndGlobalSection
	GlobalSection(ProjectConfigurationPlatforms) = postSolution
		{22C259CB-03C4-4E20-A02E-58AE264F9CC8}.Debug|Any CPU.ActiveCfg = Debug|Any CPU
		{22C259CB-03C4-4E20-A02E-58AE264F9CC8}.Debug|Any CPU.Build.0 = Debug|Any CPU
		{22C259CB-03C4-4E20-A02E-58AE264F9CC8}.Release|Any CPU.ActiveCfg = Release|Any CPU
		{22C259CB-03C4-4E20-A02E-58AE264F9CC8}.Release|Any CPU.Build.0 = Release|Any CPU
		{0451A092-F87C-4B96-A074-1EA4D50DF9DC}.Debug|Any CPU.ActiveCfg = Debug|Any CPU
		{0451A092-F87C-4B96-A074-1EA4D50DF9DC}.Debug|Any CPU.Build.0 = Debug|Any CPU
		{0451A092-F87C-4B96-A074-1EA4D50DF9DC}.Release|Any CPU.ActiveCfg = Release|Any CPU
		{0451A092-F87C-4B96-A074-1EA4D50DF9DC}.Release|Any CPU.Build.0 = Release|Any CPU
	EndGlobalSection
	GlobalSection(SolutionProperties) = preSolution
		HideSolutionNode = FALSE
	EndGlobalSection
EndGlobal
